Microsoft Visual Studio Solution File, Format Version 7.00
Project("{FAE04EC0-301F-11D3-BF4B-00C04F79EFBC}") = "diffbycs", "diffbycs.csproj", "{E93E0446-CE44-4805-8E71-2299D87A6382}"
EndProject
Global
	GlobalSection(SolutionConfiguration) = preSolution
		ConfigName.0 = Debug
		ConfigName.1 = Release
	EndGlobalSection
	GlobalSection(ProjectDependencies) = postSolution
	EndGlobalSection
	GlobalSection(ProjectConfiguration) = postSolution
		{E93E0446-CE44-4805-8E71-2299D87A6382}.Debug.ActiveCfg = Debug|.NET
		{E93E0446-CE44-4805-8E71-2299D87A6382}.Debug.Build.0 = Debug|.NET
		{E93E0446-CE44-4805-8E71-2299D87A6382}.Release.ActiveCfg = Release|.NET
		{E93E0446-CE44-4805-8E71-2299D87A6382}.Release.Build.0 = Release|.NET
	EndGlobalSection
	GlobalSection(ExtensibilityGlobals) = postSolution
	EndGlobalSection
	GlobalSection(ExtensibilityAddIns) = postSolution
	EndGlobalSection
EndGlobal
